
Microsoft Visual Studio Solution File, Format Version 12.00
# Visual Studio Version 17
VisualStudioVersion = 17.8.34330.188
MinimumVisualStudioVersion = 10.0.40219.1
Project("{FAE04EC0-301F-11D3-BF4B-00C04F79EFBC}") = "TS-RE4", "TS-RE4.csproj", "{C77672A7-6A1F-4DA8-B283-9660C92CE394}"
EndProject
Global
	GlobalSection(SolutionConfigurationPlatforms) = preSolution
		Debug|Any CPU = Debug|Any CPU
		Release|Any CPU = Release|Any CPU
	EndGlobalSection
	GlobalSection(ProjectConfigurationPlatforms) = postSolution
		{C77672A7-6A1F-4DA8-B283-9660C92CE394}.Debug|Any CPU.ActiveCfg = Debug|Any CPU
		{C77672A7-6A1F-4DA8-B283-9660C92CE394}.Debug|Any CPU.Build.0 = Debug|Any CPU
		{C77672A7-6A1F-4DA8-B283-9660C92CE394}.Release|Any CPU.ActiveCfg = Release|Any CPU
		{C77672A7-6A1F-4DA8-B283-9660C92CE394}.Release|Any CPU.Build.0 = Release|Any CPU
	EndGlobalSection
	GlobalSection(SolutionProperties) = preSolution
		HideSolutionNode = FALSE
	EndGlobalSection
	GlobalSection(ExtensibilityGlobals) = postSolution
		SolutionGuid = {0BD56C47-0CCD-4E59-9DBF-410697680589}
	EndGlobalSection
EndGlobal
